{
  "version": 4,
  "terraform_version": "0.14.0",
  "serial": 12,
  "lineage": "50d6a101-7fc4-71b7-5406-9132c9cf5ac8",
  "outputs": {
    "private_key": {
      "value": "-----BEGIN RSA PRIVATE KEY-----\nMIIJKgIBAAKCAgEA2KEERf5rA4bR8gAzjtsTHo1QlKT05va/1ECvLjBlYs4dZdaH\nFG4yHd9ACwq7OkvwGJiW4L0zr5wQDFHI9o0Mt0/Nv+c+4k+XcH3wS4l9CHUiHg5f\nPBC9P0Rp7avB3a6p8fl2wSN0RebX8wrlYB/di+rNoz3rhYum9zLoUex7tRcxKDCX\nVWsaNfC4SuTqO6oY7Mkj1nq4CVmerhuXGT6TXkvPSTvTqhc0Q/++/Shkz/e7KxJ2\nJ+P5gOU24pn/0gvKMhNGVHaCEiJdJ08EMT7F9zhDnImsI7ZE5NFLc0Rm/rTj5YLN\nxI1pFqoPs3MLTi6WxnVRJGu5Aq2cjLr4gTIbwD4V740PrTXmOq6WSAOceQINTmsL\nsNW68nq2fHJyNCfHj1xgCvUeHPi0r0EJqy7aN5z4Ov5tV6UPn3RNPcBTjNyf9h7m\nBHyT0AvC318q+SLBnvAEb0F6p9nJDqy+KdAZQmkVyE6oItOEk935umwUQCbL6AaW\nxJ5caqYI33DXsTkfX7xxB4kN1Tos0o9+7Qh4ML/NqtCwq2qRpYZ+QHpiopCh/xsD\n/uCjCskSOv5XEUYLzvTA/1uh37VImxALUn1YeLa1usD21bSVb9ygpnF/dWOy0bM3\n8dMdO13qF3SXIi3oPDovd1L/IIxIxkYe/JcCpCf/dRluz0PtRThywvsmeTUCAwEA\nAQKCAgBDN1rrGPE9i+Sy0UsuJV2+WhzJspFm5ONKybNRgqTCzq+ifLk3JqYYTMBD\nbNYBVbSu/RG7tBlIgQUdvXa8wbFTY8i0pd0GPaoAtqML3SJVsHqgltcH/S2rZt/z\nZhrmXR7QPRaTARw/4EvbVuMrO1fz5SxfXYQp0NZC16HsYZNU8lhHXyRl1bCxUfrt\nCjB/yNypBBRBpZxbElrBLUBqDdeOJ7muwIiBu2d1PfKV/KWjPfvudnEBGaS+UOEB\n2MTe+NeJSB/Hb2oWlGERJFxpp0+n0OZxuOoXvqOL2EEwB+ZpW9lmynpsZXBZHvV2\nOdklLiGMfLRrt50Vbqcnp5AaDmE7aBkoyct1EcytZ33sSSJhtimgV59vrmBtTjB+\nClFqCQIe6Vd5zs98CtiKbHzskXXjvsZXJH7ixSIzcHJJe9ajzGlI7mKmYUcxaq89\n1Hvw302lh3m5sOE816e+wvSkZMrxxzXf92pXGgC29LOZGZ4xlzlqSj7wLj4Ok6ik\nrqhvWYuno+3XUwFQZYdZfKIFF0RAnltTJ2T4KE0XG3bnKrruUOHZ3D+bf4ORkf25\nF9tDBVRhBrs2MPtUf8OJ30k6Uyshfuuk+zEM3zWBmO6DcF6ryceYMfBqNcPu4szu\nhLotTnK5doAp49nKOyq9/DGfxamBw+JMt1q1T7DYhC3rztkNwQKCAQEA5dqDdLFX\nYpP4LfXMz2gQ4Gmgr8AVAjXP9STaId6fwksj50jIfTGndrSLEOSYhAnLRRsadNLg\nvbvUgA0pQQchNl/rSaRqg5qujKq/4tHxS202Vlk8KpcwwDSXsg4/JIIxfJ9YaCl4\nqUXwxu+v7udwZGMXzeTvaG47bWaf0oK8nI/1RV8bevlTOzQ/agw3MjVvD/Y8nOgb\nTaheWn+rVN3Rll3XCfhr6iHO9Tt72cUaeLYl7eV2GeCWs4frp3bF1I2d6vt8RRQq\nIRKjpdZjrRQlVno3MP8NjYgJ/xWPkcDqovHWqats9NkWLfjXAKhq5bkVJon6NYts\n46E/v7uXrVWQEQKCAQEA8UVk7ruvdPTVUJUnYn/Ho2dlQLr35JbtY0qNi4nLIO+s\nnOfIvZNeGbepjpWH6uZQKQ5qIrmBhBmi6Zp1VM8DG85yPotgcO2D0bIhx8jkpsRT\n/YXFHZ/nIcfZLaFb94x1eJv2jNGLiAX/xBUb/DIYq59+fAfzIfx5s715eW5/rxdj\nhWph+rXBxkXSTmGuQTN8x2WBR0HdaCQJ+BbfJmyLPHUxxYRh8HYQ6qv+LpL1zNN1\nf4JBSEg/SW9J13OVWnt1kOJXebUFbyYUyOxfaLS7BA0opVaWaxi6fp67wfH5v1uq\nMpfM7sBbZ7qwRrBxGH1R2vkd9imMN6hCY9mM3Cz65QKCAQEAsksxtQ7rDdhhpqUH\n3cqHbMwCjNGeejxrt2iCm8soeXn3u6xFeHdPw1CAnvXzKFjAiDZh60S4d/R+/WU4\nHuz84kS9Kj6TMMqHoy2/8p2PYkaw44IMnazxb+Zb1Q4gBJ3I7TZdSU8B/av2/Rln\nixWTpQsIp/lxi7wV9OKqDozC6V7xjoIbuuQzn7UDi6s2FYhFQkhq8/tHUpHLvr9R\nk18M+GqKJ32/l7np42fkxiOSSRhhi4t2dNQ1kcVZEmmbQykm2eOBncPqegUPU9Bd\nOSBrZg0fSq5NQP/JYUjEOPdACm01ah9DQRozji17+VKquM88jMxyfZ5NNLUb0god\nuaKpQQKCAQEAikZzKj92t1j6SEyzXchN6mB/rzF4kRHOy3EW3joCqMWz79kHO18S\nNzsDeixI0V9d4anZOj2G9Oacb7WOOSTLa0xOPXozs4TsX2nv4khIgytR16Kq7eeO\n19VpqrUnuCBP0ufPzbTqevK1OvO+LjOn3/Rw0TTdK0U/mrukuuuRUg/dgcEOlllE\nzRWHClUBQWz4vm52QRiGhADjlcPF8IeU5PllpQXR+7Yuy8/2xUqEhPdMB9/m+j4t\nxzB46XncxxaqsnaGG8KbcrAoiV6u75tk81V3Tgrp+kcZ2yeuA+FieUFXsdc+JDcq\nK7DbBihpKNfp6c2MVmBJdDyCkCdGi4lb4QKCAQEAp58EVB8FM1YtReyYfwLmNTRf\nP7cLJrZUZXE6kRUUUGTAaXbKecAX2sQJHWjaqGlXz9PgNBWWOvuxikZ71mgbz+rH\ndX2jdtS7j1yizv9OojisqiHDpO6QtJKDWlZNLY6KFaXHLdJKfNB4kqI3KAF9kb4E\ngLc/65KDuIjh5TCIC7prdjBaSU7xCsxK6cnzGt6mjvKX7L4JtNfOHqRwtQbJ0m2a\nDAfukyaTJaw2PyEh4Jn//M5XZwm83E6EMrgD/jWr+ZWu2wpF4PEejSv/gfWbp0Lr\nzsX8Ftj8a5B2NgawxTrnSNLe29+ZHYahpRJWhbEXdcznadSJv3syI3M3qv3ZIg==\n-----END RSA PRIVATE KEY-----\n",
      "type": "string",
      "sensitive": true
    },
    "public_ip_address": {
      "value": "40.121.20.25",
      "type": "string"
    },
    "public_key": {
      "value": "ssh-rsa AAAAB3NzaC1yc2EAAAADAQABAAACAQDYoQRF/msDhtHyADOO2xMejVCUpPTm9r/UQK8uMGVizh1l1ocUbjId30ALCrs6S/AYmJbgvTOvnBAMUcj2jQy3T82/5z7iT5dwffBLiX0IdSIeDl88EL0/RGntq8Hdrqnx+XbBI3RF5tfzCuVgH92L6s2jPeuFi6b3MuhR7Hu1FzEoMJdVaxo18LhK5Oo7qhjsySPWergJWZ6uG5cZPpNeS89JO9OqFzRD/779KGTP97srEnYn4/mA5Tbimf/SC8oyE0ZUdoISIl0nTwQxPsX3OEOciawjtkTk0UtzRGb+tOPlgs3EjWkWqg+zcwtOLpbGdVEka7kCrZyMuviBMhvAPhXvjQ+tNeY6rpZIA5x5Ag1Oawuw1bryerZ8cnI0J8ePXGAK9R4c+LSvQQmrLto3nPg6/m1XpQ+fdE09wFOM3J/2HuYEfJPQC8LfXyr5IsGe8ARvQXqn2ckOrL4p0BlCaRXITqgi04ST3fm6bBRAJsvoBpbEnlxqpgjfcNexOR9fvHEHiQ3VOizSj37tCHgwv82q0LCrapGlhn5AemKikKH/GwP+4KMKyRI6/lcRRgvO9MD/W6HftUibEAtSfVh4trW6wPbVtJVv3KCmcX91Y7LRszfx0x07XeoXdJciLeg8Oi93Uv8gjEjGRh78lwKkJ/91GW7PQ+1FOHLC+yZ5NQ==\n",
      "type": "string"
    }
  },
  "resources": [
    {
      "mode": "managed",
      "type": "azurerm_linux_virtual_machine",
      "name": "my_terraform_vm",
      "provider": "provider[\"registry.terraform.io/hashicorp/azurerm\"]",
      "instances": [
        {
          "schema_version": 0,
          "attributes": {
            "additional_capabilities": [],
            "admin_password": "Thoughtworks@1123",
            "admin_ssh_key": [
              {
                "public_key": "ssh-rsa AAAAB3NzaC1yc2EAAAADAQABAAACAQDYoQRF/msDhtHyADOO2xMejVCUpPTm9r/UQK8uMGVizh1l1ocUbjId30ALCrs6S/AYmJbgvTOvnBAMUcj2jQy3T82/5z7iT5dwffBLiX0IdSIeDl88EL0/RGntq8Hdrqnx+XbBI3RF5tfzCuVgH92L6s2jPeuFi6b3MuhR7Hu1FzEoMJdVaxo18LhK5Oo7qhjsySPWergJWZ6uG5cZPpNeS89JO9OqFzRD/779KGTP97srEnYn4/mA5Tbimf/SC8oyE0ZUdoISIl0nTwQxPsX3OEOciawjtkTk0UtzRGb+tOPlgs3EjWkWqg+zcwtOLpbGdVEka7kCrZyMuviBMhvAPhXvjQ+tNeY6rpZIA5x5Ag1Oawuw1bryerZ8cnI0J8ePXGAK9R4c+LSvQQmrLto3nPg6/m1XpQ+fdE09wFOM3J/2HuYEfJPQC8LfXyr5IsGe8ARvQXqn2ckOrL4p0BlCaRXITqgi04ST3fm6bBRAJsvoBpbEnlxqpgjfcNexOR9fvHEHiQ3VOizSj37tCHgwv82q0LCrapGlhn5AemKikKH/GwP+4KMKyRI6/lcRRgvO9MD/W6HftUibEAtSfVh4trW6wPbVtJVv3KCmcX91Y7LRszfx0x07XeoXdJciLeg8Oi93Uv8gjEjGRh78lwKkJ/91GW7PQ+1FOHLC+yZ5NQ==\n",
                "username": "thoughtworks"
              }
            ],
            "admin_username": "thoughtworks",
            "allow_extension_operations": true,
            "availability_set_id": "",
            "boot_diagnostics": [
              {
                "storage_account_uri": "https://diag3f19c13292eac5d0.blob.core.windows.net/"
              }
            ],
            "computer_name": "thoughtworksdemo",
            "custom_data": "IyEvYmluL2Jhc2gKc3VkbyB5dW0gdXBkYXRlIC15IC0tZGlzYWJsZXJlcG89JyonIC0tZW5hYmxlcmVwbz0nKm1pY3Jvc29mdConICYmIHN1ZG8gIHl1bSAteSBpbnN0YWxsIHJoLXB5dGhvbjM2ICYmIHN1ZG8geXVtIC15IGluc3RhbGwgcHl0aG9uMy1kbmY=",
            "dedicated_host_group_id": "",
            "dedicated_host_id": "",
            "disable_password_authentication": false,
            "edge_zone": "",
            "encryption_at_host_enabled": false,
            "eviction_policy": "",
            "extensions_time_budget": "PT1H30M",
            "id": "/subscriptions/9d21384b-9943-4c97-bb64-f64ff6f67603/resourceGroups/thoughtworksdemo/providers/Microsoft.Compute/virtualMachines/thoughtworksdemo",
            "identity": [],
            "license_type": "",
            "location": "eastus",
            "max_bid_price": -1,
            "name": "thoughtworksdemo",
            "network_interface_ids": [
              "/subscriptions/9d21384b-9943-4c97-bb64-f64ff6f67603/resourceGroups/thoughtworksdemo/providers/Microsoft.Network/networkInterfaces/myNIC"
            ],
            "os_disk": [
              {
                "caching": "ReadWrite",
                "diff_disk_settings": [],
                "disk_encryption_set_id": "",
                "disk_size_gb": 64,
                "name": "myOsDisk",
                "storage_account_type": "Premium_LRS",
                "write_accelerator_enabled": false
              }
            ],
            "patch_mode": "ImageDefault",
            "plan": [],
            "platform_fault_domain": -1,
            "priority": "Regular",
            "private_ip_address": "10.100.0.4",
            "private_ip_addresses": [
              "10.100.0.4"
            ],
            "provision_vm_agent": true,
            "proximity_placement_group_id": "",
            "public_ip_address": "40.121.20.25",
            "public_ip_addresses": [
              "40.121.20.25"
            ],
            "resource_group_name": "thoughtworksdemo",
            "secret": [],
            "secure_boot_enabled": false,
            "size": "Standard_DS1_v2",
            "source_image_id": "",
            "source_image_reference": [
              {
                "offer": "RHEL",
                "publisher": "RedHat",
                "sku": "7.6",
                "version": "latest"
              }
            ],
            "tags": null,
            "termination_notification": null,
            "timeouts": null,
            "user_data": "",
            "virtual_machine_id": "1a095963-c153-459c-acf7-3b3532ac7b77",
            "virtual_machine_scale_set_id": "",
            "vtpm_enabled": false,
            "zone": ""
          },
          "sensitive_attributes": [],
          "private": "eyJlMmJmYjczMC1lY2FhLTExZTYtOGY4OC0zNDM2M2JjN2M0YzAiOnsiY3JlYXRlIjoyNzAwMDAwMDAwMDAwLCJkZWxldGUiOjI3MDAwMDAwMDAwMDAsInJlYWQiOjMwMDAwMDAwMDAwMCwidXBkYXRlIjoyNzAwMDAwMDAwMDAwfX0=",
          "dependencies": [
            "azurerm_network_interface.my_terraform_nic",
            "azurerm_public_ip.instancepublicip",
            "azurerm_resource_group.resource_group_name",
            "azurerm_storage_account.my_storage_account",
            "azurerm_subnet.frontendsubnet",
            "azurerm_virtual_network.myvnet",
            "random_id.random_id",
            "tls_private_key.example_ssh"
          ]
        }
      ]
    },
    {
      "mode": "managed",
      "type": "azurerm_network_interface",
      "name": "my_terraform_nic",
      "provider": "provider[\"registry.terraform.io/hashicorp/azurerm\"]",
      "instances": [
        {
          "schema_version": 0,
          "attributes": {
            "applied_dns_servers": [],
            "dns_servers": [],
            "edge_zone": "",
            "enable_accelerated_networking": false,
            "enable_ip_forwarding": false,
            "id": "/subscriptions/9d21384b-9943-4c97-bb64-f64ff6f67603/resourceGroups/thoughtworksdemo/providers/Microsoft.Network/networkInterfaces/myNIC",
            "internal_dns_name_label": "",
            "internal_domain_name_suffix": "rrxet2vkgrpunf5r1tmevtt0tb.bx.internal.cloudapp.net",
            "ip_configuration": [
              {
                "gateway_load_balancer_frontend_ip_configuration_id": "",
                "name": "my_nic_configuration",
                "primary": true,
                "private_ip_address": "10.100.0.4",
                "private_ip_address_allocation": "Dynamic",
                "private_ip_address_version": "IPv4",
                "public_ip_address_id": "/subscriptions/9d21384b-9943-4c97-bb64-f64ff6f67603/resourceGroups/thoughtworksdemo/providers/Microsoft.Network/publicIPAddresses/pip1",
                "subnet_id": "/subscriptions/9d21384b-9943-4c97-bb64-f64ff6f67603/resourceGroups/thoughtworksdemo/providers/Microsoft.Network/virtualNetworks/thoughtworksdemo/subnets/thoughtworksdemo"
              }
            ],
            "location": "eastus",
            "mac_address": "",
            "name": "myNIC",
            "private_ip_address": "10.100.0.4",
            "private_ip_addresses": [
              "10.100.0.4"
            ],
            "resource_group_name": "thoughtworksdemo",
            "tags": null,
            "timeouts": null,
            "virtual_machine_id": ""
          },
          "sensitive_attributes": [],
          "private": "eyJlMmJmYjczMC1lY2FhLTExZTYtOGY4OC0zNDM2M2JjN2M0YzAiOnsiY3JlYXRlIjoxODAwMDAwMDAwMDAwLCJkZWxldGUiOjE4MDAwMDAwMDAwMDAsInJlYWQiOjMwMDAwMDAwMDAwMCwidXBkYXRlIjoxODAwMDAwMDAwMDAwfX0=",
          "dependencies": [
            "azurerm_public_ip.instancepublicip",
            "azurerm_resource_group.resource_group_name",
            "azurerm_subnet.frontendsubnet",
            "azurerm_virtual_network.myvnet"
          ]
        }
      ]
    },
    {
      "mode": "managed",
      "type": "azurerm_network_interface_security_group_association",
      "name": "sg_association",
      "provider": "provider[\"registry.terraform.io/hashicorp/azurerm\"]",
      "instances": [
        {
          "schema_version": 0,
          "attributes": {
            "id": "/subscriptions/9d21384b-9943-4c97-bb64-f64ff6f67603/resourceGroups/thoughtworksdemo/providers/Microsoft.Network/networkInterfaces/myNIC|/subscriptions/9d21384b-9943-4c97-bb64-f64ff6f67603/resourceGroups/thoughtworksdemo/providers/Microsoft.Network/networkSecurityGroups/myNetworkSecurityGroup",
            "network_interface_id": "/subscriptions/9d21384b-9943-4c97-bb64-f64ff6f67603/resourceGroups/thoughtworksdemo/providers/Microsoft.Network/networkInterfaces/myNIC",
            "network_security_group_id": "/subscriptions/9d21384b-9943-4c97-bb64-f64ff6f67603/resourceGroups/thoughtworksdemo/providers/Microsoft.Network/networkSecurityGroups/myNetworkSecurityGroup",
            "timeouts": null
          },
          "sensitive_attributes": [],
          "private": "eyJlMmJmYjczMC1lY2FhLTExZTYtOGY4OC0zNDM2M2JjN2M0YzAiOnsiY3JlYXRlIjoxODAwMDAwMDAwMDAwLCJkZWxldGUiOjE4MDAwMDAwMDAwMDAsInJlYWQiOjMwMDAwMDAwMDAwMCwidXBkYXRlIjoxODAwMDAwMDAwMDAwfX0=",
          "dependencies": [
            "azurerm_network_interface.my_terraform_nic",
            "azurerm_network_security_group.my_terraform_nsg",
            "azurerm_public_ip.instancepublicip",
            "azurerm_resource_group.resource_group_name",
            "azurerm_subnet.frontendsubnet",
            "azurerm_virtual_network.myvnet"
          ]
        }
      ]
    },
    {
      "mode": "managed",
      "type": "azurerm_network_security_group",
      "name": "my_terraform_nsg",
      "provider": "provider[\"registry.terraform.io/hashicorp/azurerm\"]",
      "instances": [
        {
          "schema_version": 0,
          "attributes": {
            "id": "/subscriptions/9d21384b-9943-4c97-bb64-f64ff6f67603/resourceGroups/thoughtworksdemo/providers/Microsoft.Network/networkSecurityGroups/myNetworkSecurityGroup",
            "location": "eastus",
            "name": "myNetworkSecurityGroup",
            "resource_group_name": "thoughtworksdemo",
            "security_rule": [
              {
                "access": "Allow",
                "description": "",
                "destination_address_prefix": "*",
                "destination_address_prefixes": [],
                "destination_application_security_group_ids": [],
                "destination_port_range": "22",
                "destination_port_ranges": [],
                "direction": "Inbound",
                "name": "SSH",
                "priority": 1001,
                "protocol": "Tcp",
                "source_address_prefix": "*",
                "source_address_prefixes": [],
                "source_application_security_group_ids": [],
                "source_port_range": "*",
                "source_port_ranges": []
              },
              {
                "access": "Allow",
                "description": "",
                "destination_address_prefix": "*",
                "destination_address_prefixes": [],
                "destination_application_security_group_ids": [],
                "destination_port_range": "443",
                "destination_port_ranges": [],
                "direction": "Inbound",
                "name": "https",
                "priority": 1003,
                "protocol": "Tcp",
                "source_address_prefix": "*",
                "source_address_prefixes": [],
                "source_application_security_group_ids": [],
                "source_port_range": "*",
                "source_port_ranges": []
              },
              {
                "access": "Allow",
                "description": "",
                "destination_address_prefix": "*",
                "destination_address_prefixes": [],
                "destination_application_security_group_ids": [],
                "destination_port_range": "80",
                "destination_port_ranges": [],
                "direction": "Inbound",
                "name": "http",
                "priority": 1002,
                "protocol": "Tcp",
                "source_address_prefix": "*",
                "source_address_prefixes": [],
                "source_application_security_group_ids": [],
                "source_port_range": "*",
                "source_port_ranges": []
              }
            ],
            "tags": null,
            "timeouts": null
          },
          "sensitive_attributes": [],
          "private": "eyJlMmJmYjczMC1lY2FhLTExZTYtOGY4OC0zNDM2M2JjN2M0YzAiOnsiY3JlYXRlIjoxODAwMDAwMDAwMDAwLCJkZWxldGUiOjE4MDAwMDAwMDAwMDAsInJlYWQiOjMwMDAwMDAwMDAwMCwidXBkYXRlIjoxODAwMDAwMDAwMDAwfX0=",
          "dependencies": [
            "azurerm_resource_group.resource_group_name"
          ]
        }
      ]
    },
    {
      "mode": "managed",
      "type": "azurerm_public_ip",
      "name": "instancepublicip",
      "provider": "provider[\"registry.terraform.io/hashicorp/azurerm\"]",
      "instances": [
        {
          "schema_version": 0,
          "attributes": {
            "allocation_method": "Dynamic",
            "domain_name_label": null,
            "edge_zone": "",
            "fqdn": null,
            "id": "/subscriptions/9d21384b-9943-4c97-bb64-f64ff6f67603/resourceGroups/thoughtworksdemo/providers/Microsoft.Network/publicIPAddresses/pip1",
            "idle_timeout_in_minutes": 4,
            "ip_address": "",
            "ip_tags": null,
            "ip_version": "IPv4",
            "location": "eastus",
            "name": "pip1",
            "public_ip_prefix_id": null,
            "resource_group_name": "thoughtworksdemo",
            "reverse_fqdn": null,
            "sku": "Basic",
            "sku_tier": "Regional",
            "tags": null,
            "timeouts": null,
            "zones": null
          },
          "sensitive_attributes": [],
          "private": "eyJlMmJmYjczMC1lY2FhLTExZTYtOGY4OC0zNDM2M2JjN2M0YzAiOnsiY3JlYXRlIjoxODAwMDAwMDAwMDAwLCJkZWxldGUiOjE4MDAwMDAwMDAwMDAsInJlYWQiOjMwMDAwMDAwMDAwMCwidXBkYXRlIjoxODAwMDAwMDAwMDAwfX0=",
          "dependencies": [
            "azurerm_resource_group.resource_group_name"
          ]
        }
      ]
    },
    {
      "mode": "managed",
      "type": "azurerm_resource_group",
      "name": "resource_group_name",
      "provider": "provider[\"registry.terraform.io/hashicorp/azurerm\"]",
      "instances": [
        {
          "schema_version": 0,
          "attributes": {
            "id": "/subscriptions/9d21384b-9943-4c97-bb64-f64ff6f67603/resourceGroups/thoughtworksdemo",
            "location": "eastus",
            "name": "thoughtworksdemo",
            "tags": null,
            "timeouts": null
          },
          "sensitive_attributes": [],
          "private": "eyJlMmJmYjczMC1lY2FhLTExZTYtOGY4OC0zNDM2M2JjN2M0YzAiOnsiY3JlYXRlIjo1NDAwMDAwMDAwMDAwLCJkZWxldGUiOjU0MDAwMDAwMDAwMDAsInJlYWQiOjMwMDAwMDAwMDAwMCwidXBkYXRlIjo1NDAwMDAwMDAwMDAwfX0="
        }
      ]
    },
    {
      "mode": "managed",
      "type": "azurerm_storage_account",
      "name": "my_storage_account",
      "provider": "provider[\"registry.terraform.io/hashicorp/azurerm\"]",
      "instances": [
        {
          "schema_version": 3,
          "attributes": {
            "access_tier": "Hot",
            "account_kind": "StorageV2",
            "account_replication_type": "LRS",
            "account_tier": "Standard",
            "allow_nested_items_to_be_public": true,
            "azure_files_authentication": [],
            "blob_properties": [
              {
                "change_feed_enabled": false,
                "container_delete_retention_policy": [],
                "cors_rule": [],
                "default_service_version": "",
                "delete_retention_policy": [],
                "last_access_time_enabled": false,
                "versioning_enabled": false
              }
            ],
            "custom_domain": [],
            "customer_managed_key": [],
            "edge_zone": "",
            "enable_https_traffic_only": true,
            "id": "/subscriptions/9d21384b-9943-4c97-bb64-f64ff6f67603/resourceGroups/thoughtworksdemo/providers/Microsoft.Storage/storageAccounts/diag3f19c13292eac5d0",
            "identity": [],
            "infrastructure_encryption_enabled": false,
            "is_hns_enabled": false,
            "large_file_share_enabled": null,
            "location": "eastus",
            "min_tls_version": "TLS1_2",
            "name": "diag3f19c13292eac5d0",
            "network_rules": [
              {
                "bypass": [
                  "AzureServices"
                ],
                "default_action": "Allow",
                "ip_rules": [],
                "private_link_access": [],
                "virtual_network_subnet_ids": []
              }
            ],
            "nfsv3_enabled": false,
            "primary_access_key": "xH8TLuKihMuKM3/zFh/tSMD8OY2X3d0pMkHccM9zjAV/NDxyoNb0u70tcDnpVKxUuRhkva+3lgwm+AStGrmJiQ==",
            "primary_blob_connection_string": "DefaultEndpointsProtocol=https;BlobEndpoint=https://diag3f19c13292eac5d0.blob.core.windows.net/;AccountName=diag3f19c13292eac5d0;AccountKey=xH8TLuKihMuKM3/zFh/tSMD8OY2X3d0pMkHccM9zjAV/NDxyoNb0u70tcDnpVKxUuRhkva+3lgwm+AStGrmJiQ==",
            "primary_blob_endpoint": "https://diag3f19c13292eac5d0.blob.core.windows.net/",
            "primary_blob_host": "diag3f19c13292eac5d0.blob.core.windows.net",
            "primary_connection_string": "DefaultEndpointsProtocol=https;AccountName=diag3f19c13292eac5d0;AccountKey=xH8TLuKihMuKM3/zFh/tSMD8OY2X3d0pMkHccM9zjAV/NDxyoNb0u70tcDnpVKxUuRhkva+3lgwm+AStGrmJiQ==;EndpointSuffix=core.windows.net",
            "primary_dfs_endpoint": "https://diag3f19c13292eac5d0.dfs.core.windows.net/",
            "primary_dfs_host": "diag3f19c13292eac5d0.dfs.core.windows.net",
            "primary_file_endpoint": "https://diag3f19c13292eac5d0.file.core.windows.net/",
            "primary_file_host": "diag3f19c13292eac5d0.file.core.windows.net",
            "primary_location": "eastus",
            "primary_queue_endpoint": "https://diag3f19c13292eac5d0.queue.core.windows.net/",
            "primary_queue_host": "diag3f19c13292eac5d0.queue.core.windows.net",
            "primary_table_endpoint": "https://diag3f19c13292eac5d0.table.core.windows.net/",
            "primary_table_host": "diag3f19c13292eac5d0.table.core.windows.net",
            "primary_web_endpoint": "https://diag3f19c13292eac5d0.z13.web.core.windows.net/",
            "primary_web_host": "diag3f19c13292eac5d0.z13.web.core.windows.net",
            "queue_encryption_key_type": "Service",
            "queue_properties": [
              {
                "cors_rule": [],
                "hour_metrics": [
                  {
                    "enabled": true,
                    "include_apis": true,
                    "retention_policy_days": 7,
                    "version": "1.0"
                  }
                ],
                "logging": [
                  {
                    "delete": false,
                    "read": false,
                    "retention_policy_days": 0,
                    "version": "1.0",
                    "write": false
                  }
                ],
                "minute_metrics": [
                  {
                    "enabled": false,
                    "include_apis": false,
                    "retention_policy_days": 0,
                    "version": "1.0"
                  }
                ]
              }
            ],
            "resource_group_name": "thoughtworksdemo",
            "routing": [],
            "secondary_access_key": "fAasYXizTR3H3Hd2dDns8w+RwtNO3/XQbY4Mch4AQPM8YpTTI+6rD11csSlAAo7HQlFeOs8uOXz2+AStdxxUbg==",
            "secondary_blob_connection_string": "",
            "secondary_blob_endpoint": null,
            "secondary_blob_host": null,
            "secondary_connection_string": "DefaultEndpointsProtocol=https;AccountName=diag3f19c13292eac5d0;AccountKey=fAasYXizTR3H3Hd2dDns8w+RwtNO3/XQbY4Mch4AQPM8YpTTI+6rD11csSlAAo7HQlFeOs8uOXz2+AStdxxUbg==;EndpointSuffix=core.windows.net",
            "secondary_dfs_endpoint": null,
            "secondary_dfs_host": null,
            "secondary_file_endpoint": null,
            "secondary_file_host": null,
            "secondary_location": "",
            "secondary_queue_endpoint": null,
            "secondary_queue_host": null,
            "secondary_table_endpoint": null,
            "secondary_table_host": null,
            "secondary_web_endpoint": null,
            "secondary_web_host": null,
            "share_properties": [
              {
                "cors_rule": [],
                "retention_policy": [
                  {
                    "days": 7
                  }
                ],
                "smb": []
              }
            ],
            "shared_access_key_enabled": true,
            "static_website": [],
            "table_encryption_key_type": "Service",
            "tags": null,
            "timeouts": null
          },
          "sensitive_attributes": [],
          "private": "eyJlMmJmYjczMC1lY2FhLTExZTYtOGY4OC0zNDM2M2JjN2M0YzAiOnsiY3JlYXRlIjozNjAwMDAwMDAwMDAwLCJkZWxldGUiOjM2MDAwMDAwMDAwMDAsInJlYWQiOjMwMDAwMDAwMDAwMCwidXBkYXRlIjozNjAwMDAwMDAwMDAwfSwic2NoZW1hX3ZlcnNpb24iOiIzIn0=",
          "dependencies": [
            "azurerm_resource_group.resource_group_name",
            "random_id.random_id"
          ]
        }
      ]
    },
    {
      "mode": "managed",
      "type": "azurerm_subnet",
      "name": "frontendsubnet",
      "provider": "provider[\"registry.terraform.io/hashicorp/azurerm\"]",
      "instances": [
        {
          "schema_version": 0,
          "attributes": {
            "address_prefixes": [
              "10.100.0.0/16"
            ],
            "delegation": [],
            "enforce_private_link_endpoint_network_policies": false,
            "enforce_private_link_service_network_policies": false,
            "id": "/subscriptions/9d21384b-9943-4c97-bb64-f64ff6f67603/resourceGroups/thoughtworksdemo/providers/Microsoft.Network/virtualNetworks/thoughtworksdemo/subnets/thoughtworksdemo",
            "name": "thoughtworksdemo",
            "resource_group_name": "thoughtworksdemo",
            "service_endpoint_policy_ids": null,
            "service_endpoints": null,
            "timeouts": null,
            "virtual_network_name": "thoughtworksdemo"
          },
          "sensitive_attributes": [],
          "private": "eyJlMmJmYjczMC1lY2FhLTExZTYtOGY4OC0zNDM2M2JjN2M0YzAiOnsiY3JlYXRlIjoxODAwMDAwMDAwMDAwLCJkZWxldGUiOjE4MDAwMDAwMDAwMDAsInJlYWQiOjMwMDAwMDAwMDAwMCwidXBkYXRlIjoxODAwMDAwMDAwMDAwfX0=",
          "dependencies": [
            "azurerm_resource_group.resource_group_name",
            "azurerm_virtual_network.myvnet"
          ]
        }
      ]
    },
    {
      "mode": "managed",
      "type": "azurerm_virtual_network",
      "name": "myvnet",
      "provider": "provider[\"registry.terraform.io/hashicorp/azurerm\"]",
      "instances": [
        {
          "schema_version": 0,
          "attributes": {
            "address_space": [
              "10.100.0.0/16"
            ],
            "bgp_community": "",
            "ddos_protection_plan": [],
            "dns_servers": [],
            "edge_zone": "",
            "flow_timeout_in_minutes": 0,
            "guid": "f2496e8c-34aa-465f-97f1-dcd84ace7a99",
            "id": "/subscriptions/9d21384b-9943-4c97-bb64-f64ff6f67603/resourceGroups/thoughtworksdemo/providers/Microsoft.Network/virtualNetworks/thoughtworksdemo",
            "location": "eastus",
            "name": "thoughtworksdemo",
            "resource_group_name": "thoughtworksdemo",
            "subnet": [],
            "tags": null,
            "timeouts": null
          },
          "sensitive_attributes": [],
          "private": "eyJlMmJmYjczMC1lY2FhLTExZTYtOGY4OC0zNDM2M2JjN2M0YzAiOnsiY3JlYXRlIjoxODAwMDAwMDAwMDAwLCJkZWxldGUiOjE4MDAwMDAwMDAwMDAsInJlYWQiOjMwMDAwMDAwMDAwMCwidXBkYXRlIjoxODAwMDAwMDAwMDAwfX0=",
          "dependencies": [
            "azurerm_resource_group.resource_group_name"
          ]
        }
      ]
    },
    {
      "mode": "managed",
      "type": "random_id",
      "name": "random_id",
      "provider": "provider[\"registry.terraform.io/hashicorp/random\"]",
      "instances": [
        {
          "schema_version": 0,
          "attributes": {
            "b64_std": "PxnBMpLqxdA=",
            "b64_url": "PxnBMpLqxdA",
            "byte_length": 8,
            "dec": "4546877721764611536",
            "hex": "3f19c13292eac5d0",
            "id": "PxnBMpLqxdA",
            "keepers": {
              "resource_group": "thoughtworksdemo"
            },
            "prefix": null
          },
          "sensitive_attributes": [],
          "dependencies": [
            "azurerm_resource_group.resource_group_name"
          ]
        }
      ]
    },
    {
      "mode": "managed",
      "type": "tls_private_key",
      "name": "example_ssh",
      "provider": "provider[\"registry.terraform.io/hashicorp/tls\"]",
      "instances": [
        {
          "schema_version": 1,
          "attributes": {
            "algorithm": "RSA",
            "ecdsa_curve": "P224",
            "id": "cc68187071ddc5e13638af8764772da4185ad9f5",
            "private_key_openssh": "-----BEGIN OPENSSH PRIVATE KEY-----\nb3BlbnNzaC1rZXktdjEAAAAABG5vbmUAAAAEbm9uZQAAAAAAAAABAAACFwAAAAdz\nc2gtcnNhAAAAAwEAAQAAAgEA2KEERf5rA4bR8gAzjtsTHo1QlKT05va/1ECvLjBl\nYs4dZdaHFG4yHd9ACwq7OkvwGJiW4L0zr5wQDFHI9o0Mt0/Nv+c+4k+XcH3wS4l9\nCHUiHg5fPBC9P0Rp7avB3a6p8fl2wSN0RebX8wrlYB/di+rNoz3rhYum9zLoUex7\ntRcxKDCXVWsaNfC4SuTqO6oY7Mkj1nq4CVmerhuXGT6TXkvPSTvTqhc0Q/++/Shk\nz/e7KxJ2J+P5gOU24pn/0gvKMhNGVHaCEiJdJ08EMT7F9zhDnImsI7ZE5NFLc0Rm\n/rTj5YLNxI1pFqoPs3MLTi6WxnVRJGu5Aq2cjLr4gTIbwD4V740PrTXmOq6WSAOc\neQINTmsLsNW68nq2fHJyNCfHj1xgCvUeHPi0r0EJqy7aN5z4Ov5tV6UPn3RNPcBT\njNyf9h7mBHyT0AvC318q+SLBnvAEb0F6p9nJDqy+KdAZQmkVyE6oItOEk935umwU\nQCbL6AaWxJ5caqYI33DXsTkfX7xxB4kN1Tos0o9+7Qh4ML/NqtCwq2qRpYZ+QHpi\nopCh/xsD/uCjCskSOv5XEUYLzvTA/1uh37VImxALUn1YeLa1usD21bSVb9ygpnF/\ndWOy0bM38dMdO13qF3SXIi3oPDovd1L/IIxIxkYe/JcCpCf/dRluz0PtRThywvsm\neTUAAAc4buqpN27qqTcAAAAHc3NoLXJzYQAAAgEA2KEERf5rA4bR8gAzjtsTHo1Q\nlKT05va/1ECvLjBlYs4dZdaHFG4yHd9ACwq7OkvwGJiW4L0zr5wQDFHI9o0Mt0/N\nv+c+4k+XcH3wS4l9CHUiHg5fPBC9P0Rp7avB3a6p8fl2wSN0RebX8wrlYB/di+rN\noz3rhYum9zLoUex7tRcxKDCXVWsaNfC4SuTqO6oY7Mkj1nq4CVmerhuXGT6TXkvP\nSTvTqhc0Q/++/Shkz/e7KxJ2J+P5gOU24pn/0gvKMhNGVHaCEiJdJ08EMT7F9zhD\nnImsI7ZE5NFLc0Rm/rTj5YLNxI1pFqoPs3MLTi6WxnVRJGu5Aq2cjLr4gTIbwD4V\n740PrTXmOq6WSAOceQINTmsLsNW68nq2fHJyNCfHj1xgCvUeHPi0r0EJqy7aN5z4\nOv5tV6UPn3RNPcBTjNyf9h7mBHyT0AvC318q+SLBnvAEb0F6p9nJDqy+KdAZQmkV\nyE6oItOEk935umwUQCbL6AaWxJ5caqYI33DXsTkfX7xxB4kN1Tos0o9+7Qh4ML/N\nqtCwq2qRpYZ+QHpiopCh/xsD/uCjCskSOv5XEUYLzvTA/1uh37VImxALUn1YeLa1\nusD21bSVb9ygpnF/dWOy0bM38dMdO13qF3SXIi3oPDovd1L/IIxIxkYe/JcCpCf/\ndRluz0PtRThywvsmeTUAAAADAQABAAACAEM3WusY8T2L5LLRSy4lXb5aHMmykWbk\n40rJs1GCpMLOr6J8uTcmphhMwENs1gFVtK79Ebu0GUiBBR29drzBsVNjyLSl3QY9\nqgC2owvdIlWweqCW1wf9Latm3/NmGuZdHtA9FpMBHD/gS9tW4ys7V/PlLF9dhCnQ\n1kLXoexhk1TyWEdfJGXVsLFR+u0KMH/I3KkEFEGlnFsSWsEtQGoN144nua7AiIG7\nZ3U98pX8paM9++52cQEZpL5Q4QHYxN7414lIH8dvahaUYREkXGmnT6fQ5nG46he+\no4vYQTAH5mlb2WbKemxlcFke9XY52SUuIYx8tGu3nRVupyenkBoOYTtoGSjJy3UR\nzK1nfexJImG2KaBXn2+uYG1OMH4KUWoJAh7pV3nOz3wK2IpsfOyRdeO+xlckfuLF\nIjNwckl71qPMaUjuYqZhRzFqrz3Ue/DfTaWHebmw4TzXp77C9KRkyvHHNd/3alca\nALb0s5kZnjGXOWpKPvAuPg6TqKSuqG9Zi6ej7ddTAVBlh1l8ogUXRECeW1MnZPgo\nTRcbducquu5Q4dncP5t/g5GR/bkX20MFVGEGuzYw+1R/w4nfSTpTKyF+66T7MQzf\nNYGY7oNwXqvJx5gx8Go1w+7izO6Eui1Ocrl2gCnj2co7Kr38MZ/FqYHD4ky3WrVP\nsNiELevO2Q3BAAABAQCnnwRUHwUzVi1F7Jh/AuY1NF8/twsmtlRlcTqRFRRQZMBp\ndsp5wBfaxAkdaNqoaVfP0+A0FZY6+7GKRnvWaBvP6sd1faN21LuPXKLO/06iOKyq\nIcOk7pC0koNaVk0tjooVpcct0kp80HiSojcoAX2RvgSAtz/rkoO4iOHlMIgLumt2\nMFpJTvEKzErpyfMa3qaO8pfsvgm0184epHC1BsnSbZoMB+6TJpMlrDY/ISHgmf/8\nzldnCbzcToQyuAP+Nav5la7bCkXg8R6NK/+B9ZunQuvOxfwW2PxrkHY2BrDFOudI\n0t7b35kdhqGlElaFsRd1zOdp1Im/ezIjczeq/dkiAAABAQDl2oN0sVdik/gt9czP\naBDgaaCvwBUCNc/1JNoh3p/CSyPnSMh9Mad2tIsQ5JiECctFGxp00uC9u9SADSlB\nByE2X+tJpGqDmq6Mqr/i0fFLbTZWWTwqlzDANJeyDj8kgjF8n1hoKXipRfDG76/u\n53BkYxfN5O9objttZp/Sgrycj/VFXxt6+VM7ND9qDDcyNW8P9jyc6BtNqF5af6tU\n3dGWXdcJ+GvqIc71O3vZxRp4tiXt5XYZ4Jazh+undsXUjZ3q+3xFFCohEqOl1mOt\nFCVWejcw/w2NiAn/FY+RwOqi8dapq2z02RYt+NcAqGrluRUmifo1i2zjoT+/u5et\nVZARAAABAQDxRWTuu6909NVQlSdif8ejZ2VAuvfklu1jSo2Licsg76yc58i9k14Z\nt6mOlYfq5lApDmoiuYGEGaLpmnVUzwMbznI+i2Bw7YPRsiHHyOSmxFP9hcUdn+ch\nx9ktoVv3jHV4m/aM0YuIBf/EFRv8Mhirn358B/Mh/HmzvXl5bn+vF2OFamH6tcHG\nRdJOYa5BM3zHZYFHQd1oJAn4Ft8mbIs8dTHFhGHwdhDqq/4ukvXM03V/gkFISD9J\nb0nXc5Vae3WQ4ld5tQVvJhTI7F9otLsEDSilVpZrGLp+nrvB8fm/W6oyl8zuwFtn\nurBGsHEYfVHa+R32KYw3qEJj2YzcLPrlAAAAAAEC\n-----END OPENSSH PRIVATE KEY-----\n",
            "private_key_pem": "-----BEGIN RSA PRIVATE KEY-----\nMIIJKgIBAAKCAgEA2KEERf5rA4bR8gAzjtsTHo1QlKT05va/1ECvLjBlYs4dZdaH\nFG4yHd9ACwq7OkvwGJiW4L0zr5wQDFHI9o0Mt0/Nv+c+4k+XcH3wS4l9CHUiHg5f\nPBC9P0Rp7avB3a6p8fl2wSN0RebX8wrlYB/di+rNoz3rhYum9zLoUex7tRcxKDCX\nVWsaNfC4SuTqO6oY7Mkj1nq4CVmerhuXGT6TXkvPSTvTqhc0Q/++/Shkz/e7KxJ2\nJ+P5gOU24pn/0gvKMhNGVHaCEiJdJ08EMT7F9zhDnImsI7ZE5NFLc0Rm/rTj5YLN\nxI1pFqoPs3MLTi6WxnVRJGu5Aq2cjLr4gTIbwD4V740PrTXmOq6WSAOceQINTmsL\nsNW68nq2fHJyNCfHj1xgCvUeHPi0r0EJqy7aN5z4Ov5tV6UPn3RNPcBTjNyf9h7m\nBHyT0AvC318q+SLBnvAEb0F6p9nJDqy+KdAZQmkVyE6oItOEk935umwUQCbL6AaW\nxJ5caqYI33DXsTkfX7xxB4kN1Tos0o9+7Qh4ML/NqtCwq2qRpYZ+QHpiopCh/xsD\n/uCjCskSOv5XEUYLzvTA/1uh37VImxALUn1YeLa1usD21bSVb9ygpnF/dWOy0bM3\n8dMdO13qF3SXIi3oPDovd1L/IIxIxkYe/JcCpCf/dRluz0PtRThywvsmeTUCAwEA\nAQKCAgBDN1rrGPE9i+Sy0UsuJV2+WhzJspFm5ONKybNRgqTCzq+ifLk3JqYYTMBD\nbNYBVbSu/RG7tBlIgQUdvXa8wbFTY8i0pd0GPaoAtqML3SJVsHqgltcH/S2rZt/z\nZhrmXR7QPRaTARw/4EvbVuMrO1fz5SxfXYQp0NZC16HsYZNU8lhHXyRl1bCxUfrt\nCjB/yNypBBRBpZxbElrBLUBqDdeOJ7muwIiBu2d1PfKV/KWjPfvudnEBGaS+UOEB\n2MTe+NeJSB/Hb2oWlGERJFxpp0+n0OZxuOoXvqOL2EEwB+ZpW9lmynpsZXBZHvV2\nOdklLiGMfLRrt50Vbqcnp5AaDmE7aBkoyct1EcytZ33sSSJhtimgV59vrmBtTjB+\nClFqCQIe6Vd5zs98CtiKbHzskXXjvsZXJH7ixSIzcHJJe9ajzGlI7mKmYUcxaq89\n1Hvw302lh3m5sOE816e+wvSkZMrxxzXf92pXGgC29LOZGZ4xlzlqSj7wLj4Ok6ik\nrqhvWYuno+3XUwFQZYdZfKIFF0RAnltTJ2T4KE0XG3bnKrruUOHZ3D+bf4ORkf25\nF9tDBVRhBrs2MPtUf8OJ30k6Uyshfuuk+zEM3zWBmO6DcF6ryceYMfBqNcPu4szu\nhLotTnK5doAp49nKOyq9/DGfxamBw+JMt1q1T7DYhC3rztkNwQKCAQEA5dqDdLFX\nYpP4LfXMz2gQ4Gmgr8AVAjXP9STaId6fwksj50jIfTGndrSLEOSYhAnLRRsadNLg\nvbvUgA0pQQchNl/rSaRqg5qujKq/4tHxS202Vlk8KpcwwDSXsg4/JIIxfJ9YaCl4\nqUXwxu+v7udwZGMXzeTvaG47bWaf0oK8nI/1RV8bevlTOzQ/agw3MjVvD/Y8nOgb\nTaheWn+rVN3Rll3XCfhr6iHO9Tt72cUaeLYl7eV2GeCWs4frp3bF1I2d6vt8RRQq\nIRKjpdZjrRQlVno3MP8NjYgJ/xWPkcDqovHWqats9NkWLfjXAKhq5bkVJon6NYts\n46E/v7uXrVWQEQKCAQEA8UVk7ruvdPTVUJUnYn/Ho2dlQLr35JbtY0qNi4nLIO+s\nnOfIvZNeGbepjpWH6uZQKQ5qIrmBhBmi6Zp1VM8DG85yPotgcO2D0bIhx8jkpsRT\n/YXFHZ/nIcfZLaFb94x1eJv2jNGLiAX/xBUb/DIYq59+fAfzIfx5s715eW5/rxdj\nhWph+rXBxkXSTmGuQTN8x2WBR0HdaCQJ+BbfJmyLPHUxxYRh8HYQ6qv+LpL1zNN1\nf4JBSEg/SW9J13OVWnt1kOJXebUFbyYUyOxfaLS7BA0opVaWaxi6fp67wfH5v1uq\nMpfM7sBbZ7qwRrBxGH1R2vkd9imMN6hCY9mM3Cz65QKCAQEAsksxtQ7rDdhhpqUH\n3cqHbMwCjNGeejxrt2iCm8soeXn3u6xFeHdPw1CAnvXzKFjAiDZh60S4d/R+/WU4\nHuz84kS9Kj6TMMqHoy2/8p2PYkaw44IMnazxb+Zb1Q4gBJ3I7TZdSU8B/av2/Rln\nixWTpQsIp/lxi7wV9OKqDozC6V7xjoIbuuQzn7UDi6s2FYhFQkhq8/tHUpHLvr9R\nk18M+GqKJ32/l7np42fkxiOSSRhhi4t2dNQ1kcVZEmmbQykm2eOBncPqegUPU9Bd\nOSBrZg0fSq5NQP/JYUjEOPdACm01ah9DQRozji17+VKquM88jMxyfZ5NNLUb0god\nuaKpQQKCAQEAikZzKj92t1j6SEyzXchN6mB/rzF4kRHOy3EW3joCqMWz79kHO18S\nNzsDeixI0V9d4anZOj2G9Oacb7WOOSTLa0xOPXozs4TsX2nv4khIgytR16Kq7eeO\n19VpqrUnuCBP0ufPzbTqevK1OvO+LjOn3/Rw0TTdK0U/mrukuuuRUg/dgcEOlllE\nzRWHClUBQWz4vm52QRiGhADjlcPF8IeU5PllpQXR+7Yuy8/2xUqEhPdMB9/m+j4t\nxzB46XncxxaqsnaGG8KbcrAoiV6u75tk81V3Tgrp+kcZ2yeuA+FieUFXsdc+JDcq\nK7DbBihpKNfp6c2MVmBJdDyCkCdGi4lb4QKCAQEAp58EVB8FM1YtReyYfwLmNTRf\nP7cLJrZUZXE6kRUUUGTAaXbKecAX2sQJHWjaqGlXz9PgNBWWOvuxikZ71mgbz+rH\ndX2jdtS7j1yizv9OojisqiHDpO6QtJKDWlZNLY6KFaXHLdJKfNB4kqI3KAF9kb4E\ngLc/65KDuIjh5TCIC7prdjBaSU7xCsxK6cnzGt6mjvKX7L4JtNfOHqRwtQbJ0m2a\nDAfukyaTJaw2PyEh4Jn//M5XZwm83E6EMrgD/jWr+ZWu2wpF4PEejSv/gfWbp0Lr\nzsX8Ftj8a5B2NgawxTrnSNLe29+ZHYahpRJWhbEXdcznadSJv3syI3M3qv3ZIg==\n-----END RSA PRIVATE KEY-----\n",
            "private_key_pem_pkcs8": "-----BEGIN PRIVATE KEY-----\nMIIJRAIBADANBgkqhkiG9w0BAQEFAASCCS4wggkqAgEAAoICAQDYoQRF/msDhtHy\nADOO2xMejVCUpPTm9r/UQK8uMGVizh1l1ocUbjId30ALCrs6S/AYmJbgvTOvnBAM\nUcj2jQy3T82/5z7iT5dwffBLiX0IdSIeDl88EL0/RGntq8Hdrqnx+XbBI3RF5tfz\nCuVgH92L6s2jPeuFi6b3MuhR7Hu1FzEoMJdVaxo18LhK5Oo7qhjsySPWergJWZ6u\nG5cZPpNeS89JO9OqFzRD/779KGTP97srEnYn4/mA5Tbimf/SC8oyE0ZUdoISIl0n\nTwQxPsX3OEOciawjtkTk0UtzRGb+tOPlgs3EjWkWqg+zcwtOLpbGdVEka7kCrZyM\nuviBMhvAPhXvjQ+tNeY6rpZIA5x5Ag1Oawuw1bryerZ8cnI0J8ePXGAK9R4c+LSv\nQQmrLto3nPg6/m1XpQ+fdE09wFOM3J/2HuYEfJPQC8LfXyr5IsGe8ARvQXqn2ckO\nrL4p0BlCaRXITqgi04ST3fm6bBRAJsvoBpbEnlxqpgjfcNexOR9fvHEHiQ3VOizS\nj37tCHgwv82q0LCrapGlhn5AemKikKH/GwP+4KMKyRI6/lcRRgvO9MD/W6HftUib\nEAtSfVh4trW6wPbVtJVv3KCmcX91Y7LRszfx0x07XeoXdJciLeg8Oi93Uv8gjEjG\nRh78lwKkJ/91GW7PQ+1FOHLC+yZ5NQIDAQABAoICAEM3WusY8T2L5LLRSy4lXb5a\nHMmykWbk40rJs1GCpMLOr6J8uTcmphhMwENs1gFVtK79Ebu0GUiBBR29drzBsVNj\nyLSl3QY9qgC2owvdIlWweqCW1wf9Latm3/NmGuZdHtA9FpMBHD/gS9tW4ys7V/Pl\nLF9dhCnQ1kLXoexhk1TyWEdfJGXVsLFR+u0KMH/I3KkEFEGlnFsSWsEtQGoN144n\nua7AiIG7Z3U98pX8paM9++52cQEZpL5Q4QHYxN7414lIH8dvahaUYREkXGmnT6fQ\n5nG46he+o4vYQTAH5mlb2WbKemxlcFke9XY52SUuIYx8tGu3nRVupyenkBoOYTto\nGSjJy3URzK1nfexJImG2KaBXn2+uYG1OMH4KUWoJAh7pV3nOz3wK2IpsfOyRdeO+\nxlckfuLFIjNwckl71qPMaUjuYqZhRzFqrz3Ue/DfTaWHebmw4TzXp77C9KRkyvHH\nNd/3alcaALb0s5kZnjGXOWpKPvAuPg6TqKSuqG9Zi6ej7ddTAVBlh1l8ogUXRECe\nW1MnZPgoTRcbducquu5Q4dncP5t/g5GR/bkX20MFVGEGuzYw+1R/w4nfSTpTKyF+\n66T7MQzfNYGY7oNwXqvJx5gx8Go1w+7izO6Eui1Ocrl2gCnj2co7Kr38MZ/FqYHD\n4ky3WrVPsNiELevO2Q3BAoIBAQDl2oN0sVdik/gt9czPaBDgaaCvwBUCNc/1JNoh\n3p/CSyPnSMh9Mad2tIsQ5JiECctFGxp00uC9u9SADSlBByE2X+tJpGqDmq6Mqr/i\n0fFLbTZWWTwqlzDANJeyDj8kgjF8n1hoKXipRfDG76/u53BkYxfN5O9objttZp/S\ngrycj/VFXxt6+VM7ND9qDDcyNW8P9jyc6BtNqF5af6tU3dGWXdcJ+GvqIc71O3vZ\nxRp4tiXt5XYZ4Jazh+undsXUjZ3q+3xFFCohEqOl1mOtFCVWejcw/w2NiAn/FY+R\nwOqi8dapq2z02RYt+NcAqGrluRUmifo1i2zjoT+/u5etVZARAoIBAQDxRWTuu690\n9NVQlSdif8ejZ2VAuvfklu1jSo2Licsg76yc58i9k14Zt6mOlYfq5lApDmoiuYGE\nGaLpmnVUzwMbznI+i2Bw7YPRsiHHyOSmxFP9hcUdn+chx9ktoVv3jHV4m/aM0YuI\nBf/EFRv8Mhirn358B/Mh/HmzvXl5bn+vF2OFamH6tcHGRdJOYa5BM3zHZYFHQd1o\nJAn4Ft8mbIs8dTHFhGHwdhDqq/4ukvXM03V/gkFISD9Jb0nXc5Vae3WQ4ld5tQVv\nJhTI7F9otLsEDSilVpZrGLp+nrvB8fm/W6oyl8zuwFtnurBGsHEYfVHa+R32KYw3\nqEJj2YzcLPrlAoIBAQCySzG1DusN2GGmpQfdyodszAKM0Z56PGu3aIKbyyh5efe7\nrEV4d0/DUICe9fMoWMCINmHrRLh39H79ZTge7PziRL0qPpMwyoejLb/ynY9iRrDj\nggydrPFv5lvVDiAEncjtNl1JTwH9q/b9GWeLFZOlCwin+XGLvBX04qoOjMLpXvGO\nghu65DOftQOLqzYViEVCSGrz+0dSkcu+v1GTXwz4aoonfb+XuenjZ+TGI5JJGGGL\ni3Z01DWRxVkSaZtDKSbZ44Gdw+p6BQ9T0F05IGtmDR9Krk1A/8lhSMQ490AKbTVq\nH0NBGjOOLXv5Uqq4zzyMzHJ9nk00tRvSCh25oqlBAoIBAQCKRnMqP3a3WPpITLNd\nyE3qYH+vMXiREc7LcRbeOgKoxbPv2Qc7XxI3OwN6LEjRX13hqdk6PYb05pxvtY45\nJMtrTE49ejOzhOxfae/iSEiDK1HXoqrt547X1WmqtSe4IE/S58/NtOp68rU6874u\nM6ff9HDRNN0rRT+au6S665FSD92BwQ6WWUTNFYcKVQFBbPi+bnZBGIaEAOOVw8Xw\nh5Tk+WWlBdH7ti7Lz/bFSoSE90wH3+b6Pi3HMHjpedzHFqqydoYbwptysCiJXq7v\nm2TzVXdOCun6RxnbJ64D4WJ5QVex1z4kNyorsNsGKGko1+npzYxWYEl0PIKQJ0aL\niVvhAoIBAQCnnwRUHwUzVi1F7Jh/AuY1NF8/twsmtlRlcTqRFRRQZMBpdsp5wBfa\nxAkdaNqoaVfP0+A0FZY6+7GKRnvWaBvP6sd1faN21LuPXKLO/06iOKyqIcOk7pC0\nkoNaVk0tjooVpcct0kp80HiSojcoAX2RvgSAtz/rkoO4iOHlMIgLumt2MFpJTvEK\nzErpyfMa3qaO8pfsvgm0184epHC1BsnSbZoMB+6TJpMlrDY/ISHgmf/8zldnCbzc\nToQyuAP+Nav5la7bCkXg8R6NK/+B9ZunQuvOxfwW2PxrkHY2BrDFOudI0t7b35kd\nhqGlElaFsRd1zOdp1Im/ezIjczeq/dki\n-----END PRIVATE KEY-----\n",
            "public_key_fingerprint_md5": "2b:24:44:bd:48:2b:f3:2a:a8:23:b1:b4:9c:2e:0e:5a",
            "public_key_fingerprint_sha256": "SHA256:OlVkZBqwbz5naMl+SFEqk2ENj8zpdOjLhfe78aJO38w",
            "public_key_openssh": "ssh-rsa AAAAB3NzaC1yc2EAAAADAQABAAACAQDYoQRF/msDhtHyADOO2xMejVCUpPTm9r/UQK8uMGVizh1l1ocUbjId30ALCrs6S/AYmJbgvTOvnBAMUcj2jQy3T82/5z7iT5dwffBLiX0IdSIeDl88EL0/RGntq8Hdrqnx+XbBI3RF5tfzCuVgH92L6s2jPeuFi6b3MuhR7Hu1FzEoMJdVaxo18LhK5Oo7qhjsySPWergJWZ6uG5cZPpNeS89JO9OqFzRD/779KGTP97srEnYn4/mA5Tbimf/SC8oyE0ZUdoISIl0nTwQxPsX3OEOciawjtkTk0UtzRGb+tOPlgs3EjWkWqg+zcwtOLpbGdVEka7kCrZyMuviBMhvAPhXvjQ+tNeY6rpZIA5x5Ag1Oawuw1bryerZ8cnI0J8ePXGAK9R4c+LSvQQmrLto3nPg6/m1XpQ+fdE09wFOM3J/2HuYEfJPQC8LfXyr5IsGe8ARvQXqn2ckOrL4p0BlCaRXITqgi04ST3fm6bBRAJsvoBpbEnlxqpgjfcNexOR9fvHEHiQ3VOizSj37tCHgwv82q0LCrapGlhn5AemKikKH/GwP+4KMKyRI6/lcRRgvO9MD/W6HftUibEAtSfVh4trW6wPbVtJVv3KCmcX91Y7LRszfx0x07XeoXdJciLeg8Oi93Uv8gjEjGRh78lwKkJ/91GW7PQ+1FOHLC+yZ5NQ==\n",
            "public_key_pem": "-----BEGIN PUBLIC KEY-----\nMIICIjANBgkqhkiG9w0BAQEFAAOCAg8AMIICCgKCAgEA2KEERf5rA4bR8gAzjtsT\nHo1QlKT05va/1ECvLjBlYs4dZdaHFG4yHd9ACwq7OkvwGJiW4L0zr5wQDFHI9o0M\nt0/Nv+c+4k+XcH3wS4l9CHUiHg5fPBC9P0Rp7avB3a6p8fl2wSN0RebX8wrlYB/d\ni+rNoz3rhYum9zLoUex7tRcxKDCXVWsaNfC4SuTqO6oY7Mkj1nq4CVmerhuXGT6T\nXkvPSTvTqhc0Q/++/Shkz/e7KxJ2J+P5gOU24pn/0gvKMhNGVHaCEiJdJ08EMT7F\n9zhDnImsI7ZE5NFLc0Rm/rTj5YLNxI1pFqoPs3MLTi6WxnVRJGu5Aq2cjLr4gTIb\nwD4V740PrTXmOq6WSAOceQINTmsLsNW68nq2fHJyNCfHj1xgCvUeHPi0r0EJqy7a\nN5z4Ov5tV6UPn3RNPcBTjNyf9h7mBHyT0AvC318q+SLBnvAEb0F6p9nJDqy+KdAZ\nQmkVyE6oItOEk935umwUQCbL6AaWxJ5caqYI33DXsTkfX7xxB4kN1Tos0o9+7Qh4\nML/NqtCwq2qRpYZ+QHpiopCh/xsD/uCjCskSOv5XEUYLzvTA/1uh37VImxALUn1Y\neLa1usD21bSVb9ygpnF/dWOy0bM38dMdO13qF3SXIi3oPDovd1L/IIxIxkYe/JcC\npCf/dRluz0PtRThywvsmeTUCAwEAAQ==\n-----END PUBLIC KEY-----\n",
            "rsa_bits": 4096
          },
          "sensitive_attributes": []
        }
      ]
    }
  ]
}
